
Microsoft Visual Studio Solution File, Format Version 12.00
# Visual Studio Version 17
VisualStudioVersion = 17.1.32319.34
MinimumVisualStudioVersion = 10.0.40219.1
Project("{FAE04EC0-301F-11D3-BF4B-00C04F79EFBC}") = "ATApi", "ATApi.csproj", "{C419AD65-F130-44DD-B2BC-DF39CB078D96}"
EndProject
Project("{FAE04EC0-301F-11D3-BF4B-00C04F79EFBC}") = "ATApi.Data", "..\ATApi.Data\ATApi.Data.csproj", "{F26CB8CF-37FC-4325-BE13-C600BD8EED7B}"
EndProject
Project("{FAE04EC0-301F-11D3-BF4B-00C04F79EFBC}") = "ATApi.Repo", "..\ATApi.Repo\ATApi.Repo.csproj", "{4C6F6605-EC86-4CC5-81E2-141E3266349B}"
EndProject
Project("{FAE04EC0-301F-11D3-BF4B-00C04F79EFBC}") = "ATApi.Service", "..\ATApi.Service\ATApi.Service.csproj", "{E6607464-D232-4774-9E5F-A93C1B6D3554}"
EndProject
Global
	GlobalSection(SolutionConfigurationPlatforms) = preSolution
		Debug|Any CPU = Debug|Any CPU
		Release|Any CPU = Release|Any CPU
	EndGlobalSection
	GlobalSection(ProjectConfigurationPlatforms) = postSolution
		{C419AD65-F130-44DD-B2BC-DF39CB078D96}.Debug|Any CPU.ActiveCfg = Debug|Any CPU
		{C419AD65-F130-44DD-B2BC-DF39CB078D96}.Debug|Any CPU.Build.0 = Debug|Any CPU
		{C419AD65-F130-44DD-B2BC-DF39CB078D96}.Release|Any CPU.ActiveCfg = Release|Any CPU
		{C419AD65-F130-44DD-B2BC-DF39CB078D96}.Release|Any CPU.Build.0 = Release|Any CPU
		{F26CB8CF-37FC-4325-BE13-C600BD8EED7B}.Debug|Any CPU.ActiveCfg = Debug|Any CPU
		{F26CB8CF-37FC-4325-BE13-C600BD8EED7B}.Debug|Any CPU.Build.0 = Debug|Any CPU
		{F26CB8CF-37FC-4325-BE13-C600BD8EED7B}.Release|Any CPU.ActiveCfg = Release|Any CPU
		{F26CB8CF-37FC-4325-BE13-C600BD8EED7B}.Release|Any CPU.Build.0 = Release|Any CPU
		{4C6F6605-EC86-4CC5-81E2-141E3266349B}.Debug|Any CPU.ActiveCfg = Debug|Any CPU
		{4C6F6605-EC86-4CC5-81E2-141E3266349B}.Debug|Any CPU.Build.0 = Debug|Any CPU
		{4C6F6605-EC86-4CC5-81E2-141E3266349B}.Release|Any CPU.ActiveCfg = Release|Any CPU
		{4C6F6605-EC86-4CC5-81E2-141E3266349B}.Release|Any CPU.Build.0 = Release|Any CPU
		{E6607464-D232-4774-9E5F-A93C1B6D3554}.Debug|Any CPU.ActiveCfg = Debug|Any CPU
		{E6607464-D232-4774-9E5F-A93C1B6D3554}.Debug|Any CPU.Build.0 = Debug|Any CPU
		{E6607464-D232-4774-9E5F-A93C1B6D3554}.Release|Any CPU.ActiveCfg = Release|Any CPU
		{E6607464-D232-4774-9E5F-A93C1B6D3554}.Release|Any CPU.Build.0 = Release|Any CPU
	EndGlobalSection
	GlobalSection(SolutionProperties) = preSolution
		HideSolutionNode = FALSE
	EndGlobalSection
	GlobalSection(ExtensibilityGlobals) = postSolution
		SolutionGuid = {C97608B3-C0FA-4FF3-A9DD-D3F5C6790CD1}
	EndGlobalSection
EndGlobal
